// !$*UTF8*$!
{
	archiveVersion = 1;
	classes = {
	};
	objectVersion = 46;
	objects = {
/* Begin PBXBuildFile section */
		0207DA581B56EA530066E2B4 /* Images.xcassets in Resources */ = {isa = PBXBuildFile; fileRef = 0207DA571B56EA530066E2B4 /* Images.xcassets */; };
		1D3623260D0F684500981E51 /* AppDelegate.m in Sources */ = {isa = PBXBuildFile; fileRef = 1D3623250D0F684500981E51 /* AppDelegate.m */; };
		1D60589B0D05DD56006BFB54 /* main.m in Sources */ = {isa = PBXBuildFile; fileRef = 29B97316FDCFA39411CA2CEA /* main.m */; };
		301BF552109A68D80062928A /* libCordova.a in Frameworks */ = {isa = PBXBuildFile; fileRef = 301BF535109A57CC0062928A /* libCordova.a */; };
		302D95F114D2391D003F00A1 /* MainViewController.m in Sources */ = {isa = PBXBuildFile; fileRef = 302D95EF14D2391D003F00A1 /* MainViewController.m */; };
		302D95F214D2391D003F00A1 /* MainViewController.xib in Resources */ = {isa = PBXBuildFile; fileRef = 302D95F014D2391D003F00A1 /* MainViewController.xib */; };
		3047A5121AB8059700498E2A /* build-debug.xcconfig in Resources */ = {isa = PBXBuildFile; fileRef = 3047A50F1AB8059700498E2A /* build-debug.xcconfig */; };
		3047A5131AB8059700498E2A /* build-release.xcconfig in Resources */ = {isa = PBXBuildFile; fileRef = 3047A5101AB8059700498E2A /* build-release.xcconfig */; };
		3047A5141AB8059700498E2A /* build.xcconfig in Resources */ = {isa = PBXBuildFile; fileRef = 3047A5111AB8059700498E2A /* build.xcconfig */; };
		6AFF5BF91D6E424B00AB3073 /* CDVLaunchScreen.storyboard in Resources */ = {isa = PBXBuildFile; fileRef = 6AFF5BF81D6E424B00AB3073 /* CDVLaunchScreen.storyboard */; };
		604F43778AB1471E90D1DEB6 /* CDVBattery.m in Sources */ = {isa = PBXBuildFile; fileRef = DCF734A0ADB1446F8B1F3E09 /* CDVBattery.m */; };
		9FCC256E3FB947B68C2FEA35 /* UIImage+CropScaleOrientation.m in Sources */ = {isa = PBXBuildFile; fileRef = FA7AEDF6E2E4429FBDF05CA1 /* UIImage+CropScaleOrientation.m */; };
		1F7F03E9D926494A90D4BAE2 /* CDVCamera.m in Sources */ = {isa = PBXBuildFile; fileRef = 98F1F00F51814679B6FF2D45 /* CDVCamera.m */; };
		28BBC117FEB84FFAAA29CE06 /* CDVJpegHeaderWriter.m in Sources */ = {isa = PBXBuildFile; fileRef = 0E8011B8AEA74117AE250FA8 /* CDVJpegHeaderWriter.m */; };
		3326BD0B6A7E404A8C85FBED /* ImageIO.framework in Frameworks */ = {isa = PBXBuildFile; fileRef = 1186BE5A31FD45C2AA972784 /* ImageIO.framework */; settings = {ATTRIBUTES = (Weak, ); }; };
		97F78789175B438698C9B8BA /* CoreLocation.framework in Frameworks */ = {isa = PBXBuildFile; fileRef = A2938CF8102B46648C9A1951 /* CoreLocation.framework */; };
		55CCEB10E284459A83888BF4 /* AVFoundation.framework in Frameworks */ = {isa = PBXBuildFile; fileRef = 054E6B29A71F470BB4C98E68 /* AVFoundation.framework */; };
		AC219C9A9B9E4B699BBD5F96 /* CDVLogger.m in Sources */ = {isa = PBXBuildFile; fileRef = 4312258F6A934AAFBA7E6AB1 /* CDVLogger.m */; };
		72178AF4DA2442AE80EB1438 /* CDVContacts.m in Sources */ = {isa = PBXBuildFile; fileRef = A052EC8A17C747198FCA6835 /* CDVContacts.m */; };
		F5904B96B8854BA988C37325 /* CDVContact.m in Sources */ = {isa = PBXBuildFile; fileRef = E26D6B198B3F448DB7D96A92 /* CDVContact.m */; };
		8E005C0386BC4D4083FEB774 /* AddressBook.framework in Frameworks */ = {isa = PBXBuildFile; fileRef = DDE2FA2A72E64839AA975E4D /* AddressBook.framework */; settings = {ATTRIBUTES = (Weak, ); }; };
		CED964E36C5E43D8BCFF1865 /* AddressBookUI.framework in Frameworks */ = {isa = PBXBuildFile; fileRef = 7D3FB694E6B849C8A2C02DEA /* AddressBookUI.framework */; settings = {ATTRIBUTES = (Weak, ); }; };
		6A04CD2EF80B489C812E529F /* CDVDevice.m in Sources */ = {isa = PBXBuildFile; fileRef = 94215028B6C84161BD4552FC /* CDVDevice.m */; };
		678F61F6EAED47329058D559 /* libz.tbd in Frameworks */ = {isa = PBXBuildFile; fileRef = D2E110C979764AFCA13EB96C /* libz.tbd */; };
		511C86103D994A5397225644 /* CDVAccelerometer.m in Sources */ = {isa = PBXBuildFile; fileRef = B06AD14EC6BC49B7B8BC3CB6 /* CDVAccelerometer.m */; };
		50B20E0DACC04998A672D420 /* CoreMotion.framework in Frameworks */ = {isa = PBXBuildFile; fileRef = 3083C75ED9C946678522AC35 /* CoreMotion.framework */; };
		504F1AB09FA044D4BB68BB1D /* CDVCompass.m in Sources */ = {isa = PBXBuildFile; fileRef = 55DD881CD77B4CBE87045EC3 /* CDVCompass.m */; };
		89E4A66166DD4EAFB491CF37 /* CDVNotification.m in Sources */ = {isa = PBXBuildFile; fileRef = 6D2DA4123EB2437193F7D2AE /* CDVNotification.m */; };
		A27C63BC31CF497FB345B76E /* CDVNotification.bundle in Resources */ = {isa = PBXBuildFile; fileRef = 10E99836228642F582394CE9 /* CDVNotification.bundle */; };
		746F7BA9D48542DDA51FF695 /* AudioToolbox.framework in Frameworks */ = {isa = PBXBuildFile; fileRef = B75556BD30874527B9697EFA /* AudioToolbox.framework */; settings = {ATTRIBUTES = (Weak, ); }; };
		E08AEB0506554A1A95C37EFB /* CDVFile.m in Sources */ = {isa = PBXBuildFile; fileRef = 1199A9F3DFD84156AC1A9914 /* CDVFile.m */; };
		4C354DD0FA24498290FDFB41 /* CDVLocalFilesystem.m in Sources */ = {isa = PBXBuildFile; fileRef = DEB7B26947E54B7F986EA836 /* CDVLocalFilesystem.m */; };
		7ABC72BE8DC64927B0DA32EB /* CDVAssetLibraryFilesystem.m in Sources */ = {isa = PBXBuildFile; fileRef = 3EDD2BF89FD34CAEA3F93183 /* CDVAssetLibraryFilesystem.m */; };
		735004355D8341438442F9B0 /* CDVLocation.m in Sources */ = {isa = PBXBuildFile; fileRef = E0B69FB12D834F009C54A83A /* CDVLocation.m */; };
		FE38C971F0E148ACA0BA50DB /* CDVGlobalization.m in Sources */ = {isa = PBXBuildFile; fileRef = 524F8FA101C8404399382B66 /* CDVGlobalization.m */; };
		FFE97777A01A4C22B78F5E15 /* CDVInAppBrowser.m in Sources */ = {isa = PBXBuildFile; fileRef = 08DE8F971DF64EF3893CE6D9 /* CDVInAppBrowser.m */; };
		E606B324F1C04DEC9EE72958 /* CDVSound.m in Sources */ = {isa = PBXBuildFile; fileRef = BC66BF297E344B40841C14E5 /* CDVSound.m */; };
		CAB62BF15C9B40ACA7981688 /* CDVCapture.m in Sources */ = {isa = PBXBuildFile; fileRef = BFD75E8FC9E84DA88DC24939 /* CDVCapture.m */; };
		B34BDF7C45C2435193CAFC9B /* CDVCapture.bundle in Resources */ = {isa = PBXBuildFile; fileRef = FC1F5F2ADCB84807AED3002C /* CDVCapture.bundle */; };
		CF643A44A6B444DCB0B9702B /* CDVConnection.m in Sources */ = {isa = PBXBuildFile; fileRef = 27387C0A053E4D35A4DA2110 /* CDVConnection.m */; };
		C1C669574A32440797CB5A32 /* CDVReachability.m in Sources */ = {isa = PBXBuildFile; fileRef = 1803FF8A056D4CFB96A7B0EF /* CDVReachability.m */; };
		3813669E9D664F2FB5B5C0FF /* SystemConfiguration.framework in Frameworks */ = {isa = PBXBuildFile; fileRef = CD066A762ADB45029A53D443 /* SystemConfiguration.framework */; settings = {ATTRIBUTES = (Weak, ); }; };
		FBD9EEBF607C4B3EB5803BEC /* CoreTelephony.framework in Frameworks */ = {isa = PBXBuildFile; fileRef = 39BC3D4469EA4176A3D0F7BF /* CoreTelephony.framework */; };
		0C2455023EB54520B5F437C0 /* CDVSplashScreen.m in Sources */ = {isa = PBXBuildFile; fileRef = 4E6A4B6BA5A846A3B78808C9 /* CDVSplashScreen.m */; };
		7C4E7923FDF54AC3AC684015 /* CDVViewController+SplashScreen.m in Sources */ = {isa = PBXBuildFile; fileRef = CA39D5CE1E5644E6A6EC2805 /* CDVViewController+SplashScreen.m */; };
		B11BC8B0C8BE4982B0F7C150 /* CDVStatusBar.m in Sources */ = {isa = PBXBuildFile; fileRef = 53BAC287745C482CA16F5F17 /* CDVStatusBar.m */; };
		8E5F2D8E60914E3C913388C8 /* CDVVibration.m in Sources */ = {isa = PBXBuildFile; fileRef = 0CA58CBA268243B8B2139030 /* CDVVibration.m */; };
		C04DA3EC989B40E6AB0843D8 /* CDVFileTransfer.m in Sources */ = {isa = PBXBuildFile; fileRef = 6745FBBE2EB348F1B0D4A8D6 /* CDVFileTransfer.m */; };
/* End PBXBuildFile section */

/* Begin PBXContainerItemProxy section */
		301BF534109A57CC0062928A /* PBXContainerItemProxy */ = {
			isa = PBXContainerItemProxy;
			containerPortal = 301BF52D109A57CC0062928A /* CordovaLib.xcodeproj */;
			proxyType = 2;
			remoteGlobalIDString = D2AAC07E0554694100DB518D;
			remoteInfo = CordovaLib;
		};
		301BF550109A68C00062928A /* PBXContainerItemProxy */ = {
			isa = PBXContainerItemProxy;
			containerPortal = 301BF52D109A57CC0062928A /* CordovaLib.xcodeproj */;
			proxyType = 1;
			remoteGlobalIDString = D2AAC07D0554694100DB518D;
			remoteInfo = CordovaLib;
		};
/* End PBXContainerItemProxy section */

/* Begin PBXFileReference section */
		0207DA571B56EA530066E2B4 /* Images.xcassets */ = {isa = PBXFileReference; lastKnownFileType = folder.assetcatalog; name = Images.xcassets; path = "AVF Appbase/Images.xcassets"; sourceTree = SOURCE_ROOT; };
		1D3623240D0F684500981E51 /* AppDelegate.h */ = {isa = PBXFileReference; fileEncoding = 4; lastKnownFileType = sourcecode.c.h; path = AppDelegate.h; sourceTree = "<group>"; };
		1D3623250D0F684500981E51 /* AppDelegate.m */ = {isa = PBXFileReference; fileEncoding = 4; lastKnownFileType = sourcecode.c.objc; path = AppDelegate.m; sourceTree = "<group>"; };
		1D6058910D05DD3D006BFB54 /* AVF Appbase.app */ = {isa = PBXFileReference; explicitFileType = wrapper.application; includeInIndex = 0; path = "AVF Appbase.app"; sourceTree = BUILT_PRODUCTS_DIR; };
		29B97316FDCFA39411CA2CEA /* main.m */ = {isa = PBXFileReference; fileEncoding = 4; lastKnownFileType = sourcecode.c.objc; path = main.m; sourceTree = "<group>"; };
		301BF52D109A57CC0062928A /* CordovaLib.xcodeproj */ = {isa = PBXFileReference; lastKnownFileType = "wrapper.pb-project"; name = CordovaLib.xcodeproj; path = CordovaLib/CordovaLib.xcodeproj; sourceTree = "<group>"; };
		301BF56E109A69640062928A /* www */ = {isa = PBXFileReference; lastKnownFileType = folder; path = www; sourceTree = SOURCE_ROOT; };
		302D95EE14D2391D003F00A1 /* MainViewController.h */ = {isa = PBXFileReference; fileEncoding = 4; lastKnownFileType = sourcecode.c.h; path = MainViewController.h; sourceTree = "<group>"; };
		302D95EF14D2391D003F00A1 /* MainViewController.m */ = {isa = PBXFileReference; fileEncoding = 4; lastKnownFileType = sourcecode.c.objc; path = MainViewController.m; sourceTree = "<group>"; };
		302D95F014D2391D003F00A1 /* MainViewController.xib */ = {isa = PBXFileReference; fileEncoding = 4; lastKnownFileType = file.xib; path = MainViewController.xib; sourceTree = "<group>"; };
		3047A50F1AB8059700498E2A /* build-debug.xcconfig */ = {isa = PBXFileReference; fileEncoding = 4; lastKnownFileType = text.xcconfig; name = "build-debug.xcconfig"; path = cordova/build-debug.xcconfig; sourceTree = SOURCE_ROOT; };
		3047A5101AB8059700498E2A /* build-release.xcconfig */ = {isa = PBXFileReference; fileEncoding = 4; lastKnownFileType = text.xcconfig; name = "build-release.xcconfig"; path = cordova/build-release.xcconfig; sourceTree = SOURCE_ROOT; };
		3047A5111AB8059700498E2A /* build.xcconfig */ = {isa = PBXFileReference; fileEncoding = 4; lastKnownFileType = text.xcconfig; name = build.xcconfig; path = cordova/build.xcconfig; sourceTree = SOURCE_ROOT; };
		32CA4F630368D1EE00C91783 /* AVF Appbase-Prefix.pch */ = {isa = PBXFileReference; fileEncoding = 4; lastKnownFileType = sourcecode.c.h; path = "AVF Appbase-Prefix.pch"; sourceTree = "<group>"; };
		6AFF5BF81D6E424B00AB3073 /* CDVLaunchScreen.storyboard */ = {isa = PBXFileReference; fileEncoding = 4; lastKnownFileType = file.storyboard; name = CDVLaunchScreen.storyboard; path = "AVF Appbase/CDVLaunchScreen.storyboard"; sourceTree = SOURCE_ROOT; };
		8D1107310486CEB800E47090 /* AVF Appbase-Info.plist */ = {isa = PBXFileReference; fileEncoding = 4; lastKnownFileType = text.plist.xml; name = "AVF Appbase-Info.plist"; path = "AVF Appbase/AVF Appbase-Info.plist"; plistStructureDefinitionIdentifier = "com.apple.xcode.plist.structure-definition.iphone.info-plist"; sourceTree = SOURCE_ROOT; };
		EB87FDF31871DA8E0020F90C /* www */ = {isa = PBXFileReference; lastKnownFileType = folder; name = www; path = ../../www; sourceTree = "<group>"; };
		EB87FDF41871DAF40020F90C /* config.xml */ = {isa = PBXFileReference; lastKnownFileType = text.xml; name = config.xml; path = ../../config.xml; sourceTree = "<group>"; };
		F840E1F0165FE0F500CFE078 /* config.xml */ = {isa = PBXFileReference; lastKnownFileType = text.xml; name = config.xml; path = "AVF Appbase/config.xml"; sourceTree = "<group>"; };
		ED33DF2A687741AEAF9F8254 /* Bridging-Header.h */ = {isa = PBXFileReference; fileEncoding = 4; lastKnownFileType = sourcecode.c.h; name = "Bridging-Header.h"; path = "Bridging-Header.h"; sourceTree = "<group>"; };
		DCF734A0ADB1446F8B1F3E09 /* CDVBattery.m */ = {isa = PBXFileReference; name = "CDVBattery.m"; path = "cordova-plugin-battery-status/CDVBattery.m"; sourceTree = "<group>"; fileEncoding = 4; lastKnownFileType = sourcecode.c.objc; explicitFileType = undefined; includeInIndex = 0; };
		02FCC582640642E39A98DD4A /* CDVBattery.h */ = {isa = PBXFileReference; name = "CDVBattery.h"; path = "cordova-plugin-battery-status/CDVBattery.h"; sourceTree = "<group>"; fileEncoding = 4; lastKnownFileType = sourcecode.c.h; explicitFileType = undefined; includeInIndex = 0; };
		FA7AEDF6E2E4429FBDF05CA1 /* UIImage+CropScaleOrientation.m */ = {isa = PBXFileReference; name = "UIImage+CropScaleOrientation.m"; path = "cordova-plugin-camera/UIImage+CropScaleOrientation.m"; sourceTree = "<group>"; fileEncoding = 4; lastKnownFileType = sourcecode.c.objc; explicitFileType = undefined; includeInIndex = 0; };
		98F1F00F51814679B6FF2D45 /* CDVCamera.m */ = {isa = PBXFileReference; name = "CDVCamera.m"; path = "cordova-plugin-camera/CDVCamera.m"; sourceTree = "<group>"; fileEncoding = 4; lastKnownFileType = sourcecode.c.objc; explicitFileType = undefined; includeInIndex = 0; };
		0E8011B8AEA74117AE250FA8 /* CDVJpegHeaderWriter.m */ = {isa = PBXFileReference; name = "CDVJpegHeaderWriter.m"; path = "cordova-plugin-camera/CDVJpegHeaderWriter.m"; sourceTree = "<group>"; fileEncoding = 4; lastKnownFileType = sourcecode.c.objc; explicitFileType = undefined; includeInIndex = 0; };
		BB4C6C60C0D143A5B64C1B55 /* UIImage+CropScaleOrientation.h */ = {isa = PBXFileReference; name = "UIImage+CropScaleOrientation.h"; path = "cordova-plugin-camera/UIImage+CropScaleOrientation.h"; sourceTree = "<group>"; fileEncoding = 4; lastKnownFileType = sourcecode.c.h; explicitFileType = undefined; includeInIndex = 0; };
		4A696C0E4F084685AB9FA480 /* CDVCamera.h */ = {isa = PBXFileReference; name = "CDVCamera.h"; path = "cordova-plugin-camera/CDVCamera.h"; sourceTree = "<group>"; fileEncoding = 4; lastKnownFileType = sourcecode.c.h; explicitFileType = undefined; includeInIndex = 0; };
		307A798A91504F4FACBD8B68 /* CDVJpegHeaderWriter.h */ = {isa = PBXFileReference; name = "CDVJpegHeaderWriter.h"; path = "cordova-plugin-camera/CDVJpegHeaderWriter.h"; sourceTree = "<group>"; fileEncoding = 4; lastKnownFileType = sourcecode.c.h; explicitFileType = undefined; includeInIndex = 0; };
		FBC51EBE8883423FBD662C69 /* CDVExif.h */ = {isa = PBXFileReference; name = "CDVExif.h"; path = "cordova-plugin-camera/CDVExif.h"; sourceTree = "<group>"; fileEncoding = 4; lastKnownFileType = sourcecode.c.h; explicitFileType = undefined; includeInIndex = 0; };
		1186BE5A31FD45C2AA972784 /* ImageIO.framework */ = {isa = PBXFileReference; name = "ImageIO.framework"; path = "System/Library/Frameworks/ImageIO.framework"; sourceTree = SDKROOT; fileEncoding = undefined; lastKnownFileType = wrapper.framework; explicitFileType = undefined; includeInIndex = 0; };
		A2938CF8102B46648C9A1951 /* CoreLocation.framework */ = {isa = PBXFileReference; name = "CoreLocation.framework"; path = "System/Library/Frameworks/CoreLocation.framework"; sourceTree = SDKROOT; fileEncoding = undefined; lastKnownFileType = wrapper.framework; explicitFileType = undefined; includeInIndex = 0; };
		054E6B29A71F470BB4C98E68 /* AVFoundation.framework */ = {isa = PBXFileReference; name = "AVFoundation.framework"; path = "System/Library/Frameworks/AVFoundation.framework"; sourceTree = SDKROOT; fileEncoding = undefined; lastKnownFileType = wrapper.framework; explicitFileType = undefined; includeInIndex = 0; };
		4312258F6A934AAFBA7E6AB1 /* CDVLogger.m */ = {isa = PBXFileReference; name = "CDVLogger.m"; path = "cordova-plugin-console/CDVLogger.m"; sourceTree = "<group>"; fileEncoding = 4; lastKnownFileType = sourcecode.c.objc; explicitFileType = undefined; includeInIndex = 0; };
		2D693C624BEA4350ACC0535B /* CDVLogger.h */ = {isa = PBXFileReference; name = "CDVLogger.h"; path = "cordova-plugin-console/CDVLogger.h"; sourceTree = "<group>"; fileEncoding = 4; lastKnownFileType = sourcecode.c.h; explicitFileType = undefined; includeInIndex = 0; };
		A052EC8A17C747198FCA6835 /* CDVContacts.m */ = {isa = PBXFileReference; name = "CDVContacts.m"; path = "cordova-plugin-contacts/CDVContacts.m"; sourceTree = "<group>"; fileEncoding = 4; lastKnownFileType = sourcecode.c.objc; explicitFileType = undefined; includeInIndex = 0; };
		E26D6B198B3F448DB7D96A92 /* CDVContact.m */ = {isa = PBXFileReference; name = "CDVContact.m"; path = "cordova-plugin-contacts/CDVContact.m"; sourceTree = "<group>"; fileEncoding = 4; lastKnownFileType = sourcecode.c.objc; explicitFileType = undefined; includeInIndex = 0; };
		440EE6A95DF149CE8265946E /* CDVContacts.h */ = {isa = PBXFileReference; name = "CDVContacts.h"; path = "cordova-plugin-contacts/CDVContacts.h"; sourceTree = "<group>"; fileEncoding = 4; lastKnownFileType = sourcecode.c.h; explicitFileType = undefined; includeInIndex = 0; };
		C85490425F4E4E6390FF611A /* CDVContact.h */ = {isa = PBXFileReference; name = "CDVContact.h"; path = "cordova-plugin-contacts/CDVContact.h"; sourceTree = "<group>"; fileEncoding = 4; lastKnownFileType = sourcecode.c.h; explicitFileType = undefined; includeInIndex = 0; };
		DDE2FA2A72E64839AA975E4D /* AddressBook.framework */ = {isa = PBXFileReference; name = "AddressBook.framework"; path = "System/Library/Frameworks/AddressBook.framework"; sourceTree = SDKROOT; fileEncoding = undefined; lastKnownFileType = wrapper.framework; explicitFileType = undefined; includeInIndex = 0; };
		7D3FB694E6B849C8A2C02DEA /* AddressBookUI.framework */ = {isa = PBXFileReference; name = "AddressBookUI.framework"; path = "System/Library/Frameworks/AddressBookUI.framework"; sourceTree = SDKROOT; fileEncoding = undefined; lastKnownFileType = wrapper.framework; explicitFileType = undefined; includeInIndex = 0; };
		94215028B6C84161BD4552FC /* CDVDevice.m */ = {isa = PBXFileReference; name = "CDVDevice.m"; path = "cordova-plugin-device/CDVDevice.m"; sourceTree = "<group>"; fileEncoding = 4; lastKnownFileType = sourcecode.c.objc; explicitFileType = undefined; includeInIndex = 0; };
		716659D978314B0E8FD09CC8 /* CDVDevice.h */ = {isa = PBXFileReference; name = "CDVDevice.h"; path = "cordova-plugin-device/CDVDevice.h"; sourceTree = "<group>"; fileEncoding = 4; lastKnownFileType = sourcecode.c.h; explicitFileType = undefined; includeInIndex = 0; };
		D2E110C979764AFCA13EB96C /* libz.tbd */ = {isa = PBXFileReference; name = "libz.tbd"; path = "usr/lib/libz.tbd"; sourceTree = SDKROOT; fileEncoding = undefined; lastKnownFileType = sourcecode.text-based-dylib-definition; explicitFileType = undefined; includeInIndex = 0; };
		B06AD14EC6BC49B7B8BC3CB6 /* CDVAccelerometer.m */ = {isa = PBXFileReference; name = "CDVAccelerometer.m"; path = "cordova-plugin-device-motion/CDVAccelerometer.m"; sourceTree = "<group>"; fileEncoding = 4; lastKnownFileType = sourcecode.c.objc; explicitFileType = undefined; includeInIndex = 0; };
		7EE15885716E4246A709BF0E /* CDVAccelerometer.h */ = {isa = PBXFileReference; name = "CDVAccelerometer.h"; path = "cordova-plugin-device-motion/CDVAccelerometer.h"; sourceTree = "<group>"; fileEncoding = 4; lastKnownFileType = sourcecode.c.h; explicitFileType = undefined; includeInIndex = 0; };
		3083C75ED9C946678522AC35 /* CoreMotion.framework */ = {isa = PBXFileReference; name = "CoreMotion.framework"; path = "System/Library/Frameworks/CoreMotion.framework"; sourceTree = SDKROOT; fileEncoding = undefined; lastKnownFileType = wrapper.framework; explicitFileType = undefined; includeInIndex = 0; };
		55DD881CD77B4CBE87045EC3 /* CDVCompass.m */ = {isa = PBXFileReference; name = "CDVCompass.m"; path = "cordova-plugin-device-orientation/CDVCompass.m"; sourceTree = "<group>"; fileEncoding = 4; lastKnownFileType = sourcecode.c.objc; explicitFileType = undefined; includeInIndex = 0; };
		7C27660DF173435FA6E3A6A1 /* CDVCompass.h */ = {isa = PBXFileReference; name = "CDVCompass.h"; path = "cordova-plugin-device-orientation/CDVCompass.h"; sourceTree = "<group>"; fileEncoding = 4; lastKnownFileType = sourcecode.c.h; explicitFileType = undefined; includeInIndex = 0; };
		6D2DA4123EB2437193F7D2AE /* CDVNotification.m */ = {isa = PBXFileReference; name = "CDVNotification.m"; path = "cordova-plugin-dialogs/CDVNotification.m"; sourceTree = "<group>"; fileEncoding = 4; lastKnownFileType = sourcecode.c.objc; explicitFileType = undefined; includeInIndex = 0; };
		7EB82606A2F34AFEAC635EB1 /* CDVNotification.h */ = {isa = PBXFileReference; name = "CDVNotification.h"; path = "cordova-plugin-dialogs/CDVNotification.h"; sourceTree = "<group>"; fileEncoding = 4; lastKnownFileType = sourcecode.c.h; explicitFileType = undefined; includeInIndex = 0; };
		10E99836228642F582394CE9 /* CDVNotification.bundle */ = {isa = PBXFileReference; name = "CDVNotification.bundle"; path = "CDVNotification.bundle"; sourceTree = "<group>"; fileEncoding = undefined; lastKnownFileType = wrapper.plug-in; explicitFileType = undefined; includeInIndex = 0; };
		B75556BD30874527B9697EFA /* AudioToolbox.framework */ = {isa = PBXFileReference; name = "AudioToolbox.framework"; path = "System/Library/Frameworks/AudioToolbox.framework"; sourceTree = SDKROOT; fileEncoding = undefined; lastKnownFileType = wrapper.framework; explicitFileType = undefined; includeInIndex = 0; };
		1199A9F3DFD84156AC1A9914 /* CDVFile.m */ = {isa = PBXFileReference; name = "CDVFile.m"; path = "cordova-plugin-file/CDVFile.m"; sourceTree = "<group>"; fileEncoding = 4; lastKnownFileType = sourcecode.c.objc; explicitFileType = undefined; includeInIndex = 0; };
		DEB7B26947E54B7F986EA836 /* CDVLocalFilesystem.m */ = {isa = PBXFileReference; name = "CDVLocalFilesystem.m"; path = "cordova-plugin-file/CDVLocalFilesystem.m"; sourceTree = "<group>"; fileEncoding = 4; lastKnownFileType = sourcecode.c.objc; explicitFileType = undefined; includeInIndex = 0; };
		3EDD2BF89FD34CAEA3F93183 /* CDVAssetLibraryFilesystem.m */ = {isa = PBXFileReference; name = "CDVAssetLibraryFilesystem.m"; path = "cordova-plugin-file/CDVAssetLibraryFilesystem.m"; sourceTree = "<group>"; fileEncoding = 4; lastKnownFileType = sourcecode.c.objc; explicitFileType = undefined; includeInIndex = 0; };
		5964435EA8EB4047ABA96394 /* CDVFile.h */ = {isa = PBXFileReference; name = "CDVFile.h"; path = "cordova-plugin-file/CDVFile.h"; sourceTree = "<group>"; fileEncoding = 4; lastKnownFileType = sourcecode.c.h; explicitFileType = undefined; includeInIndex = 0; };
		275C4FA150074BC6B85E96A8 /* CDVLocalFilesystem.h */ = {isa = PBXFileReference; name = "CDVLocalFilesystem.h"; path = "cordova-plugin-file/CDVLocalFilesystem.h"; sourceTree = "<group>"; fileEncoding = 4; lastKnownFileType = sourcecode.c.h; explicitFileType = undefined; includeInIndex = 0; };
		7DB03A3AB1E344768F9F3AD9 /* CDVAssetLibraryFilesystem.h */ = {isa = PBXFileReference; name = "CDVAssetLibraryFilesystem.h"; path = "cordova-plugin-file/CDVAssetLibraryFilesystem.h"; sourceTree = "<group>"; fileEncoding = 4; lastKnownFileType = sourcecode.c.h; explicitFileType = undefined; includeInIndex = 0; };
		E0B69FB12D834F009C54A83A /* CDVLocation.m */ = {isa = PBXFileReference; name = "CDVLocation.m"; path = "cordova-plugin-geolocation/CDVLocation.m"; sourceTree = "<group>"; fileEncoding = 4; lastKnownFileType = sourcecode.c.objc; explicitFileType = undefined; includeInIndex = 0; };
		D7DE9C1C1244434B9299A24E /* CDVLocation.h */ = {isa = PBXFileReference; name = "CDVLocation.h"; path = "cordova-plugin-geolocation/CDVLocation.h"; sourceTree = "<group>"; fileEncoding = 4; lastKnownFileType = sourcecode.c.h; explicitFileType = undefined; includeInIndex = 0; };
		524F8FA101C8404399382B66 /* CDVGlobalization.m */ = {isa = PBXFileReference; name = "CDVGlobalization.m"; path = "cordova-plugin-globalization/CDVGlobalization.m"; sourceTree = "<group>"; fileEncoding = 4; lastKnownFileType = sourcecode.c.objc; explicitFileType = undefined; includeInIndex = 0; };
		2201CC9D11A64197B650E786 /* CDVGlobalization.h */ = {isa = PBXFileReference; name = "CDVGlobalization.h"; path = "cordova-plugin-globalization/CDVGlobalization.h"; sourceTree = "<group>"; fileEncoding = 4; lastKnownFileType = sourcecode.c.h; explicitFileType = undefined; includeInIndex = 0; };
		08DE8F971DF64EF3893CE6D9 /* CDVInAppBrowser.m */ = {isa = PBXFileReference; name = "CDVInAppBrowser.m"; path = "cordova-plugin-inappbrowser/CDVInAppBrowser.m"; sourceTree = "<group>"; fileEncoding = 4; lastKnownFileType = sourcecode.c.objc; explicitFileType = undefined; includeInIndex = 0; };
		F9B0626CE1E6438D8D6F6CF1 /* CDVInAppBrowser.h */ = {isa = PBXFileReference; name = "CDVInAppBrowser.h"; path = "cordova-plugin-inappbrowser/CDVInAppBrowser.h"; sourceTree = "<group>"; fileEncoding = 4; lastKnownFileType = sourcecode.c.h; explicitFileType = undefined; includeInIndex = 0; };
		BC66BF297E344B40841C14E5 /* CDVSound.m */ = {isa = PBXFileReference; name = "CDVSound.m"; path = "cordova-plugin-media/CDVSound.m"; sourceTree = "<group>"; fileEncoding = 4; lastKnownFileType = sourcecode.c.objc; explicitFileType = undefined; includeInIndex = 0; };
		C98CF94D225745879D84430C /* CDVSound.h */ = {isa = PBXFileReference; name = "CDVSound.h"; path = "cordova-plugin-media/CDVSound.h"; sourceTree = "<group>"; fileEncoding = 4; lastKnownFileType = sourcecode.c.h; explicitFileType = undefined; includeInIndex = 0; };
		BFD75E8FC9E84DA88DC24939 /* CDVCapture.m */ = {isa = PBXFileReference; name = "CDVCapture.m"; path = "cordova-plugin-media-capture/CDVCapture.m"; sourceTree = "<group>"; fileEncoding = 4; lastKnownFileType = sourcecode.c.objc; explicitFileType = undefined; includeInIndex = 0; };
		1DD1035DA4D043E5972AC977 /* CDVCapture.h */ = {isa = PBXFileReference; name = "CDVCapture.h"; path = "cordova-plugin-media-capture/CDVCapture.h"; sourceTree = "<group>"; fileEncoding = 4; lastKnownFileType = sourcecode.c.h; explicitFileType = undefined; includeInIndex = 0; };
		FC1F5F2ADCB84807AED3002C /* CDVCapture.bundle */ = {isa = PBXFileReference; name = "CDVCapture.bundle"; path = "CDVCapture.bundle"; sourceTree = "<group>"; fileEncoding = undefined; lastKnownFileType = wrapper.plug-in; explicitFileType = undefined; includeInIndex = 0; };
		27387C0A053E4D35A4DA2110 /* CDVConnection.m */ = {isa = PBXFileReference; name = "CDVConnection.m"; path = "cordova-plugin-network-information/CDVConnection.m"; sourceTree = "<group>"; fileEncoding = 4; lastKnownFileType = sourcecode.c.objc; explicitFileType = undefined; includeInIndex = 0; };
		1803FF8A056D4CFB96A7B0EF /* CDVReachability.m */ = {isa = PBXFileReference; name = "CDVReachability.m"; path = "cordova-plugin-network-information/CDVReachability.m"; sourceTree = "<group>"; fileEncoding = 4; lastKnownFileType = sourcecode.c.objc; explicitFileType = undefined; includeInIndex = 0; };
		5EBF84AE5B5042DFA0C801ED /* CDVConnection.h */ = {isa = PBXFileReference; name = "CDVConnection.h"; path = "cordova-plugin-network-information/CDVConnection.h"; sourceTree = "<group>"; fileEncoding = 4; lastKnownFileType = sourcecode.c.h; explicitFileType = undefined; includeInIndex = 0; };
		461CA316DF2846158A263C20 /* CDVReachability.h */ = {isa = PBXFileReference; name = "CDVReachability.h"; path = "cordova-plugin-network-information/CDVReachability.h"; sourceTree = "<group>"; fileEncoding = 4; lastKnownFileType = sourcecode.c.h; explicitFileType = undefined; includeInIndex = 0; };
		CD066A762ADB45029A53D443 /* SystemConfiguration.framework */ = {isa = PBXFileReference; name = "SystemConfiguration.framework"; path = "System/Library/Frameworks/SystemConfiguration.framework"; sourceTree = SDKROOT; fileEncoding = undefined; lastKnownFileType = wrapper.framework; explicitFileType = undefined; includeInIndex = 0; };
		39BC3D4469EA4176A3D0F7BF /* CoreTelephony.framework */ = {isa = PBXFileReference; name = "CoreTelephony.framework"; path = "System/Library/Frameworks/CoreTelephony.framework"; sourceTree = SDKROOT; fileEncoding = undefined; lastKnownFileType = wrapper.framework; explicitFileType = undefined; includeInIndex = 0; };
		4E6A4B6BA5A846A3B78808C9 /* CDVSplashScreen.m */ = {isa = PBXFileReference; name = "CDVSplashScreen.m"; path = "cordova-plugin-splashscreen/CDVSplashScreen.m"; sourceTree = "<group>"; fileEncoding = 4; lastKnownFileType = sourcecode.c.objc; explicitFileType = undefined; includeInIndex = 0; };
		CA39D5CE1E5644E6A6EC2805 /* CDVViewController+SplashScreen.m */ = {isa = PBXFileReference; name = "CDVViewController+SplashScreen.m"; path = "cordova-plugin-splashscreen/CDVViewController+SplashScreen.m"; sourceTree = "<group>"; fileEncoding = 4; lastKnownFileType = sourcecode.c.objc; explicitFileType = undefined; includeInIndex = 0; };
		DA40D04A0A154D3B98EEC377 /* CDVSplashScreen.h */ = {isa = PBXFileReference; name = "CDVSplashScreen.h"; path = "cordova-plugin-splashscreen/CDVSplashScreen.h"; sourceTree = "<group>"; fileEncoding = 4; lastKnownFileType = sourcecode.c.h; explicitFileType = undefined; includeInIndex = 0; };
		5D5034910FB5401693FDDD6B /* CDVViewController+SplashScreen.h */ = {isa = PBXFileReference; name = "CDVViewController+SplashScreen.h"; path = "cordova-plugin-splashscreen/CDVViewController+SplashScreen.h"; sourceTree = "<group>"; fileEncoding = 4; lastKnownFileType = sourcecode.c.h; explicitFileType = undefined; includeInIndex = 0; };
		53BAC287745C482CA16F5F17 /* CDVStatusBar.m */ = {isa = PBXFileReference; name = "CDVStatusBar.m"; path = "cordova-plugin-statusbar/CDVStatusBar.m"; sourceTree = "<group>"; fileEncoding = 4; lastKnownFileType = sourcecode.c.objc; explicitFileType = undefined; includeInIndex = 0; };
		E49258A23D274ACC85FB3069 /* CDVStatusBar.h */ = {isa = PBXFileReference; name = "CDVStatusBar.h"; path = "cordova-plugin-statusbar/CDVStatusBar.h"; sourceTree = "<group>"; fileEncoding = 4; lastKnownFileType = sourcecode.c.h; explicitFileType = undefined; includeInIndex = 0; };
		0CA58CBA268243B8B2139030 /* CDVVibration.m */ = {isa = PBXFileReference; name = "CDVVibration.m"; path = "cordova-plugin-vibration/CDVVibration.m"; sourceTree = "<group>"; fileEncoding = 4; lastKnownFileType = sourcecode.c.objc; explicitFileType = undefined; includeInIndex = 0; };
		5F751ABA4B7140049423BAA8 /* CDVVibration.h */ = {isa = PBXFileReference; name = "CDVVibration.h"; path = "cordova-plugin-vibration/CDVVibration.h"; sourceTree = "<group>"; fileEncoding = 4; lastKnownFileType = sourcecode.c.h; explicitFileType = undefined; includeInIndex = 0; };
		6745FBBE2EB348F1B0D4A8D6 /* CDVFileTransfer.m */ = {isa = PBXFileReference; name = "CDVFileTransfer.m"; path = "cordova-plugin-file-transfer/CDVFileTransfer.m"; sourceTree = "<group>"; fileEncoding = 4; lastKnownFileType = sourcecode.c.objc; explicitFileType = undefined; includeInIndex = 0; };
		ADF5169BB27E4DAB86575CED /* CDVFileTransfer.h */ = {isa = PBXFileReference; name = "CDVFileTransfer.h"; path = "cordova-plugin-file-transfer/CDVFileTransfer.h"; sourceTree = "<group>"; fileEncoding = 4; lastKnownFileType = sourcecode.c.h; explicitFileType = undefined; includeInIndex = 0; };
/* End PBXFileReference section */

/* Begin PBXFrameworksBuildPhase section */
		1D60588F0D05DD3D006BFB54 /* Frameworks */ = {
			isa = PBXFrameworksBuildPhase;
			buildActionMask = 2147483647;
			files = (
				301BF552109A68D80062928A /* libCordova.a in Frameworks */,
				3326BD0B6A7E404A8C85FBED /* ImageIO.framework in Frameworks */,
				97F78789175B438698C9B8BA /* CoreLocation.framework in Frameworks */,
				55CCEB10E284459A83888BF4 /* AVFoundation.framework in Frameworks */,
				8E005C0386BC4D4083FEB774 /* AddressBook.framework in Frameworks */,
				CED964E36C5E43D8BCFF1865 /* AddressBookUI.framework in Frameworks */,
				678F61F6EAED47329058D559 /* libz.tbd in Frameworks */,
				50B20E0DACC04998A672D420 /* CoreMotion.framework in Frameworks */,
				746F7BA9D48542DDA51FF695 /* AudioToolbox.framework in Frameworks */,
				3813669E9D664F2FB5B5C0FF /* SystemConfiguration.framework in Frameworks */,
				FBD9EEBF607C4B3EB5803BEC /* CoreTelephony.framework in Frameworks */,
			);
			runOnlyForDeploymentPostprocessing = 0;
		};
/* End PBXFrameworksBuildPhase section */

/* Begin PBXGroup section */
		080E96DDFE201D6D7F000001 /* Classes */ = {
			isa = PBXGroup;
			children = (
				302D95EE14D2391D003F00A1 /* MainViewController.h */,
				302D95EF14D2391D003F00A1 /* MainViewController.m */,
				302D95F014D2391D003F00A1 /* MainViewController.xib */,
				1D3623240D0F684500981E51 /* AppDelegate.h */,
				1D3623250D0F684500981E51 /* AppDelegate.m */,
			);
			name = Classes;
			path = "AVF Appbase/Classes";
			sourceTree = SOURCE_ROOT;
		};
		19C28FACFE9D520D11CA2CBB /* Products */ = {
			isa = PBXGroup;
			children = (
				1D6058910D05DD3D006BFB54 /* AVF Appbase.app */,
			);
			name = Products;
			sourceTree = "<group>";
		};
		29B97314FDCFA39411CA2CEA /* CustomTemplate */ = {
			isa = PBXGroup;
			children = (
				EB87FDF41871DAF40020F90C /* config.xml */,
				EB87FDF31871DA8E0020F90C /* www */,
				EB87FDF11871DA420020F90C /* Staging */,
				301BF52D109A57CC0062928A /* CordovaLib.xcodeproj */,
				080E96DDFE201D6D7F000001 /* Classes */,
				307C750510C5A3420062BCA9 /* Plugins */,
				29B97315FDCFA39411CA2CEA /* Other Sources */,
				29B97317FDCFA39411CA2CEA /* Resources */,
				29B97323FDCFA39411CA2CEA /* Frameworks */,
				19C28FACFE9D520D11CA2CBB /* Products */,
			);
			name = CustomTemplate;
			sourceTree = "<group>";
		};
		29B97315FDCFA39411CA2CEA /* Other Sources */ = {
			isa = PBXGroup;
			children = (
				32CA4F630368D1EE00C91783 /* AVF Appbase-Prefix.pch */,
				29B97316FDCFA39411CA2CEA /* main.m */,
				ED33DF2A687741AEAF9F8254 /* Bridging-Header.h */,
			);
			name = "Other Sources";
			path = "AVF Appbase";
			sourceTree = "<group>";
		};
		29B97317FDCFA39411CA2CEA /* Resources */ = {
			isa = PBXGroup;
			children = (
				0207DA571B56EA530066E2B4 /* Images.xcassets */,
				3047A50E1AB8057F00498E2A /* config */,
				8D1107310486CEB800E47090 /* AVF Appbase-Info.plist */,
				6AFF5BF81D6E424B00AB3073 /* CDVLaunchScreen.storyboard */,
				10E99836228642F582394CE9 /* CDVNotification.bundle */,
				FC1F5F2ADCB84807AED3002C /* CDVCapture.bundle */,
			);
			name = Resources;
			path = "AVF Appbase/Resources";
			sourceTree = "<group>";
		};
		29B97323FDCFA39411CA2CEA /* Frameworks */ = {
			isa = PBXGroup;
			children = (
				1186BE5A31FD45C2AA972784 /* ImageIO.framework */,
				A2938CF8102B46648C9A1951 /* CoreLocation.framework */,
				054E6B29A71F470BB4C98E68 /* AVFoundation.framework */,
				DDE2FA2A72E64839AA975E4D /* AddressBook.framework */,
				7D3FB694E6B849C8A2C02DEA /* AddressBookUI.framework */,
				D2E110C979764AFCA13EB96C /* libz.tbd */,
				3083C75ED9C946678522AC35 /* CoreMotion.framework */,
				B75556BD30874527B9697EFA /* AudioToolbox.framework */,
				CD066A762ADB45029A53D443 /* SystemConfiguration.framework */,
				39BC3D4469EA4176A3D0F7BF /* CoreTelephony.framework */,
			);
			name = Frameworks;
			sourceTree = "<group>";
		};
		301BF52E109A57CC0062928A /* Products */ = {
			isa = PBXGroup;
			children = (
				301BF535109A57CC0062928A /* libCordova.a */,
			);
			name = Products;
			sourceTree = "<group>";
		};
		3047A50E1AB8057F00498E2A /* config */ = {
			isa = PBXGroup;
			children = (
				3047A50F1AB8059700498E2A /* build-debug.xcconfig */,
				3047A5101AB8059700498E2A /* build-release.xcconfig */,
				3047A5111AB8059700498E2A /* build.xcconfig */,
			);
			name = config;
			sourceTree = "<group>";
		};
		307C750510C5A3420062BCA9 /* Plugins */ = {
			isa = PBXGroup;
			children = (
				DCF734A0ADB1446F8B1F3E09 /* CDVBattery.m */,
				02FCC582640642E39A98DD4A /* CDVBattery.h */,
				FA7AEDF6E2E4429FBDF05CA1 /* UIImage+CropScaleOrientation.m */,
				98F1F00F51814679B6FF2D45 /* CDVCamera.m */,
				0E8011B8AEA74117AE250FA8 /* CDVJpegHeaderWriter.m */,
				BB4C6C60C0D143A5B64C1B55 /* UIImage+CropScaleOrientation.h */,
				4A696C0E4F084685AB9FA480 /* CDVCamera.h */,
				307A798A91504F4FACBD8B68 /* CDVJpegHeaderWriter.h */,
				FBC51EBE8883423FBD662C69 /* CDVExif.h */,
				4312258F6A934AAFBA7E6AB1 /* CDVLogger.m */,
				2D693C624BEA4350ACC0535B /* CDVLogger.h */,
				A052EC8A17C747198FCA6835 /* CDVContacts.m */,
				E26D6B198B3F448DB7D96A92 /* CDVContact.m */,
				440EE6A95DF149CE8265946E /* CDVContacts.h */,
				C85490425F4E4E6390FF611A /* CDVContact.h */,
				94215028B6C84161BD4552FC /* CDVDevice.m */,
				716659D978314B0E8FD09CC8 /* CDVDevice.h */,
				B06AD14EC6BC49B7B8BC3CB6 /* CDVAccelerometer.m */,
				7EE15885716E4246A709BF0E /* CDVAccelerometer.h */,
				55DD881CD77B4CBE87045EC3 /* CDVCompass.m */,
				7C27660DF173435FA6E3A6A1 /* CDVCompass.h */,
				6D2DA4123EB2437193F7D2AE /* CDVNotification.m */,
				7EB82606A2F34AFEAC635EB1 /* CDVNotification.h */,
				1199A9F3DFD84156AC1A9914 /* CDVFile.m */,
				DEB7B26947E54B7F986EA836 /* CDVLocalFilesystem.m */,
				3EDD2BF89FD34CAEA3F93183 /* CDVAssetLibraryFilesystem.m */,
				5964435EA8EB4047ABA96394 /* CDVFile.h */,
				275C4FA150074BC6B85E96A8 /* CDVLocalFilesystem.h */,
				7DB03A3AB1E344768F9F3AD9 /* CDVAssetLibraryFilesystem.h */,
				E0B69FB12D834F009C54A83A /* CDVLocation.m */,
				D7DE9C1C1244434B9299A24E /* CDVLocation.h */,
				524F8FA101C8404399382B66 /* CDVGlobalization.m */,
				2201CC9D11A64197B650E786 /* CDVGlobalization.h */,
				08DE8F971DF64EF3893CE6D9 /* CDVInAppBrowser.m */,
				F9B0626CE1E6438D8D6F6CF1 /* CDVInAppBrowser.h */,
				BC66BF297E344B40841C14E5 /* CDVSound.m */,
				C98CF94D225745879D84430C /* CDVSound.h */,
				BFD75E8FC9E84DA88DC24939 /* CDVCapture.m */,
				1DD1035DA4D043E5972AC977 /* CDVCapture.h */,
				27387C0A053E4D35A4DA2110 /* CDVConnection.m */,
				1803FF8A056D4CFB96A7B0EF /* CDVReachability.m */,
				5EBF84AE5B5042DFA0C801ED /* CDVConnection.h */,
				461CA316DF2846158A263C20 /* CDVReachability.h */,
				4E6A4B6BA5A846A3B78808C9 /* CDVSplashScreen.m */,
				CA39D5CE1E5644E6A6EC2805 /* CDVViewController+SplashScreen.m */,
				DA40D04A0A154D3B98EEC377 /* CDVSplashScreen.h */,
				5D5034910FB5401693FDDD6B /* CDVViewController+SplashScreen.h */,
				53BAC287745C482CA16F5F17 /* CDVStatusBar.m */,
				E49258A23D274ACC85FB3069 /* CDVStatusBar.h */,
				0CA58CBA268243B8B2139030 /* CDVVibration.m */,
				5F751ABA4B7140049423BAA8 /* CDVVibration.h */,
				6745FBBE2EB348F1B0D4A8D6 /* CDVFileTransfer.m */,
				ADF5169BB27E4DAB86575CED /* CDVFileTransfer.h */,
			);
			name = Plugins;
			path = "AVF Appbase/Plugins";
			sourceTree = SOURCE_ROOT;
		};
		EB87FDF11871DA420020F90C /* Staging */ = {
			isa = PBXGroup;
			children = (
				F840E1F0165FE0F500CFE078 /* config.xml */,
				301BF56E109A69640062928A /* www */,
			);
			name = Staging;
			sourceTree = "<group>";
		};
/* End PBXGroup section */

/* Begin PBXNativeTarget section */
		1D6058900D05DD3D006BFB54 /* AVF Appbase */ = {
			isa = PBXNativeTarget;
			buildConfigurationList = 1D6058960D05DD3E006BFB54 /* Build configuration list for PBXNativeTarget "AVF Appbase" */;
			buildPhases = (
				304B58A110DAC018002A0835 /* Copy www directory */,
				1D60588D0D05DD3D006BFB54 /* Resources */,
				1D60588E0D05DD3D006BFB54 /* Sources */,
				1D60588F0D05DD3D006BFB54 /* Frameworks */,
			);
			buildRules = (
			);
			dependencies = (
				301BF551109A68C00062928A /* PBXTargetDependency */,
			);
			name = "AVF Appbase";
			productName = "AVF Appbase";
			productReference = 1D6058910D05DD3D006BFB54 /* AVF Appbase.app */;
			productType = "com.apple.product-type.application";
		};
/* End PBXNativeTarget section */

/* Begin PBXProject section */
		29B97313FDCFA39411CA2CEA /* Project object */ = {
			isa = PBXProject;
			attributes = {
				LastUpgradeCheck = 510;
			};
			buildConfigurationList = C01FCF4E08A954540054247B /* Build configuration list for PBXProject "__NON-CLI__" */;
			compatibilityVersion = "Xcode 3.2";
			developmentRegion = English;
			hasScannedForEncodings = 1;
			mainGroup = 29B97314FDCFA39411CA2CEA /* CustomTemplate */;
			projectDirPath = "";
			projectReferences = (
				{
					ProductGroup = 301BF52E109A57CC0062928A /* Products */;
					ProjectRef = 301BF52D109A57CC0062928A /* CordovaLib.xcodeproj */;
				},
			);
			projectRoot = "";
			targets = (
				1D6058900D05DD3D006BFB54 /* AVF Appbase */,
			);
		};
/* End PBXProject section */

/* Begin PBXReferenceProxy section */
		301BF535109A57CC0062928A /* libCordova.a */ = {
			isa = PBXReferenceProxy;
			fileType = archive.ar;
			path = libCordova.a;
			remoteRef = 301BF534109A57CC0062928A /* PBXContainerItemProxy */;
			sourceTree = BUILT_PRODUCTS_DIR;
		};
/* End PBXReferenceProxy section */

/* Begin PBXResourcesBuildPhase section */
		1D60588D0D05DD3D006BFB54 /* Resources */ = {
			isa = PBXResourcesBuildPhase;
			buildActionMask = 2147483647;
			files = (
				302D95F214D2391D003F00A1 /* MainViewController.xib in Resources */,
				0207DA581B56EA530066E2B4 /* Images.xcassets in Resources */,
				6AFF5BF91D6E424B00AB3073 /* CDVLaunchScreen.storyboard in Resources */,
				A27C63BC31CF497FB345B76E /* CDVNotification.bundle in Resources */,
				B34BDF7C45C2435193CAFC9B /* CDVCapture.bundle in Resources */,
			);
			runOnlyForDeploymentPostprocessing = 0;
		};
/* End PBXResourcesBuildPhase section */

/* Begin PBXShellScriptBuildPhase section */
		304B58A110DAC018002A0835 /* Copy www directory */ = {
			isa = PBXShellScriptBuildPhase;
			buildActionMask = 2147483647;
			files = (
			);
			inputPaths = (
			);
			name = "Copy www directory";
			outputPaths = (
			);
			runOnlyForDeploymentPostprocessing = 0;
			shellPath = /bin/sh;
			shellScript = "NODEJS_PATH=/usr/local/bin; NVM_NODE_PATH=~/.nvm/versions/node/`nvm version 2>/dev/null`/bin; N_NODE_PATH=`find /usr/local/n/versions/node/* -maxdepth 0 -type d 2>/dev/null | tail -1`/bin; XCODE_NODE_PATH=`xcode-select --print-path`/usr/share/xcs/Node/bin; PATH=$NODEJS_PATH:$NVM_NODE_PATH:$N_NODE_PATH:$XCODE_NODE_PATH:$PATH && node cordova/lib/copy-www-build-step.js";
			showEnvVarsInLog = 0;
		};
/* End PBXShellScriptBuildPhase section */

/* Begin PBXSourcesBuildPhase section */
		1D60588E0D05DD3D006BFB54 /* Sources */ = {
			isa = PBXSourcesBuildPhase;
			buildActionMask = 2147483647;
			files = (
				1D60589B0D05DD56006BFB54 /* main.m in Sources */,
				1D3623260D0F684500981E51 /* AppDelegate.m in Sources */,
				302D95F114D2391D003F00A1 /* MainViewController.m in Sources */,
				604F43778AB1471E90D1DEB6 /* CDVBattery.m in Sources */,
				9FCC256E3FB947B68C2FEA35 /* UIImage+CropScaleOrientation.m in Sources */,
				1F7F03E9D926494A90D4BAE2 /* CDVCamera.m in Sources */,
				28BBC117FEB84FFAAA29CE06 /* CDVJpegHeaderWriter.m in Sources */,
				AC219C9A9B9E4B699BBD5F96 /* CDVLogger.m in Sources */,
				72178AF4DA2442AE80EB1438 /* CDVContacts.m in Sources */,
				F5904B96B8854BA988C37325 /* CDVContact.m in Sources */,
				6A04CD2EF80B489C812E529F /* CDVDevice.m in Sources */,
				511C86103D994A5397225644 /* CDVAccelerometer.m in Sources */,
				504F1AB09FA044D4BB68BB1D /* CDVCompass.m in Sources */,
				89E4A66166DD4EAFB491CF37 /* CDVNotification.m in Sources */,
				E08AEB0506554A1A95C37EFB /* CDVFile.m in Sources */,
				4C354DD0FA24498290FDFB41 /* CDVLocalFilesystem.m in Sources */,
				7ABC72BE8DC64927B0DA32EB /* CDVAssetLibraryFilesystem.m in Sources */,
				735004355D8341438442F9B0 /* CDVLocation.m in Sources */,
				FE38C971F0E148ACA0BA50DB /* CDVGlobalization.m in Sources */,
				FFE97777A01A4C22B78F5E15 /* CDVInAppBrowser.m in Sources */,
				E606B324F1C04DEC9EE72958 /* CDVSound.m in Sources */,
				CAB62BF15C9B40ACA7981688 /* CDVCapture.m in Sources */,
				CF643A44A6B444DCB0B9702B /* CDVConnection.m in Sources */,
				C1C669574A32440797CB5A32 /* CDVReachability.m in Sources */,
				0C2455023EB54520B5F437C0 /* CDVSplashScreen.m in Sources */,
				7C4E7923FDF54AC3AC684015 /* CDVViewController+SplashScreen.m in Sources */,
				B11BC8B0C8BE4982B0F7C150 /* CDVStatusBar.m in Sources */,
				8E5F2D8E60914E3C913388C8 /* CDVVibration.m in Sources */,
				C04DA3EC989B40E6AB0843D8 /* CDVFileTransfer.m in Sources */,
			);
			runOnlyForDeploymentPostprocessing = 0;
		};
/* End PBXSourcesBuildPhase section */

/* Begin PBXTargetDependency section */
		301BF551109A68C00062928A /* PBXTargetDependency */ = {
			isa = PBXTargetDependency;
			name = CordovaLib;
			targetProxy = 301BF550109A68C00062928A /* PBXContainerItemProxy */;
		};
/* End PBXTargetDependency section */

/* Begin XCBuildConfiguration section */
		1D6058940D05DD3E006BFB54 /* Debug */ = {
			isa = XCBuildConfiguration;
			baseConfigurationReference = 3047A50F1AB8059700498E2A /* build-debug.xcconfig */;
			buildSettings = {
				ALWAYS_SEARCH_USER_PATHS = NO;
				ASSETCATALOG_COMPILER_APPICON_NAME = AppIcon;
				ASSETCATALOG_COMPILER_LAUNCHIMAGE_NAME = LaunchImage;
				CLANG_ENABLE_MODULES = YES;
				CLANG_ENABLE_OBJC_ARC = YES;
				COPY_PHASE_STRIP = NO;
				GCC_DYNAMIC_NO_PIC = NO;
				GCC_OPTIMIZATION_LEVEL = 0;
				GCC_PRECOMPILE_PREFIX_HEADER = YES;
				GCC_PREFIX_HEADER = "AVF Appbase/AVF Appbase-Prefix.pch";
				GCC_THUMB_SUPPORT = NO;
				GCC_VERSION = "";
				INFOPLIST_FILE = "AVF Appbase/AVF Appbase-Info.plist";
				IPHONEOS_DEPLOYMENT_TARGET = 9.0;
				LD_RUNPATH_SEARCH_PATHS = "@executable_path/Frameworks";
				TARGETED_DEVICE_FAMILY = "1,2";
				PRODUCT_NAME = "AVF Appbase";
			};
			name = Debug;
		};
		1D6058950D05DD3E006BFB54 /* Release */ = {
			isa = XCBuildConfiguration;
			baseConfigurationReference = 3047A5101AB8059700498E2A /* build-release.xcconfig */;
			buildSettings = {
				ALWAYS_SEARCH_USER_PATHS = NO;
				ASSETCATALOG_COMPILER_APPICON_NAME = AppIcon;
				ASSETCATALOG_COMPILER_LAUNCHIMAGE_NAME = LaunchImage;
				CLANG_ENABLE_MODULES = YES;
				CLANG_ENABLE_OBJC_ARC = YES;
				COPY_PHASE_STRIP = YES;
				GCC_PRECOMPILE_PREFIX_HEADER = YES;
				GCC_PREFIX_HEADER = "AVF Appbase/AVF Appbase-Prefix.pch";
				GCC_THUMB_SUPPORT = NO;
				GCC_VERSION = "";
				INFOPLIST_FILE = "AVF Appbase/AVF Appbase-Info.plist";
				IPHONEOS_DEPLOYMENT_TARGET = 9.0;
				LD_RUNPATH_SEARCH_PATHS = "@executable_path/Frameworks";
				TARGETED_DEVICE_FAMILY = "1,2";
				PRODUCT_NAME = "AVF Appbase";
			};
			name = Release;
		};
		C01FCF4F08A954540054247B /* Debug */ = {
			isa = XCBuildConfiguration;
			baseConfigurationReference = 3047A5111AB8059700498E2A /* build.xcconfig */;
			buildSettings = {
				CLANG_ENABLE_MODULES = YES;
				CLANG_ENABLE_OBJC_ARC = YES;
				CLANG_WARN_BOOL_CONVERSION = YES;
				CLANG_WARN_CONSTANT_CONVERSION = YES;
				CLANG_WARN_EMPTY_BODY = YES;
				CLANG_WARN_ENUM_CONVERSION = YES;
				CLANG_WARN_INT_CONVERSION = YES;
				CLANG_WARN__DUPLICATE_METHOD_MATCH = YES;
				GCC_C_LANGUAGE_STANDARD = c99;
				GCC_THUMB_SUPPORT = NO;
				GCC_VERSION = "";
				GCC_WARN_ABOUT_RETURN_TYPE = YES;
				GCC_WARN_UNDECLARED_SELECTOR = YES;
				GCC_WARN_UNINITIALIZED_AUTOS = YES;
				GCC_WARN_UNUSED_FUNCTION = YES;
				GCC_WARN_UNUSED_VARIABLE = YES;
				ONLY_ACTIVE_ARCH = YES;
				SDKROOT = iphoneos;
				SKIP_INSTALL = NO;
				ASSETCATALOG_COMPILER_LAUNCHIMAGE_NAME = LaunchImage;
			};
			name = Debug;
		};
		C01FCF5008A954540054247B /* Release */ = {
			isa = XCBuildConfiguration;
			baseConfigurationReference = 3047A5111AB8059700498E2A /* build.xcconfig */;
			buildSettings = {
				CLANG_ENABLE_MODULES = YES;
				CLANG_ENABLE_OBJC_ARC = YES;
				CLANG_WARN_BOOL_CONVERSION = YES;
				CLANG_WARN_CONSTANT_CONVERSION = YES;
				CLANG_WARN_EMPTY_BODY = YES;
				CLANG_WARN_ENUM_CONVERSION = YES;
				CLANG_WARN_INT_CONVERSION = YES;
				CLANG_WARN__DUPLICATE_METHOD_MATCH = YES;
				GCC_C_LANGUAGE_STANDARD = c99;
				GCC_THUMB_SUPPORT = NO;
				GCC_VERSION = "";
				GCC_WARN_ABOUT_RETURN_TYPE = YES;
				GCC_WARN_UNDECLARED_SELECTOR = YES;
				GCC_WARN_UNINITIALIZED_AUTOS = YES;
				GCC_WARN_UNUSED_FUNCTION = YES;
				GCC_WARN_UNUSED_VARIABLE = YES;
				SDKROOT = iphoneos;
				SKIP_INSTALL = NO;
				ASSETCATALOG_COMPILER_LAUNCHIMAGE_NAME = LaunchImage;
			};
			name = Release;
		};
/* End XCBuildConfiguration section */

/* Begin XCConfigurationList section */
		1D6058960D05DD3E006BFB54 /* Build configuration list for PBXNativeTarget "AVF Appbase" */ = {
			isa = XCConfigurationList;
			buildConfigurations = (
				1D6058940D05DD3E006BFB54 /* Debug */,
				1D6058950D05DD3E006BFB54 /* Release */,
			);
			defaultConfigurationIsVisible = 0;
			defaultConfigurationName = Release;
		};
		C01FCF4E08A954540054247B /* Build configuration list for PBXProject "__NON-CLI__" */ = {
			isa = XCConfigurationList;
			buildConfigurations = (
				C01FCF4F08A954540054247B /* Debug */,
				C01FCF5008A954540054247B /* Release */,
			);
			defaultConfigurationIsVisible = 0;
			defaultConfigurationName = Release;
		};
/* End XCConfigurationList section */
	};
	rootObject = 29B97313FDCFA39411CA2CEA /* Project object */;
}
